<?xml version="1.0" encoding="utf-8"?>
<Project ToolsVersion="4.0" xmlns="http://schemas.microsoft.com/developer/msbuild/2003">
  <ItemGroup>
    <Filter Include="Source Files">
      <UniqueIdentifier>{4FC737F1-C7A5-4376-A066-2A32D752A2FF}</UniqueIdentifier>
      <Extensions>cpp;c;cc;cxx;def;odl;idl;hpj;bat;asm;asmx</Extensions>
    </Filter>
    <Filter Include="Header Files">
      <UniqueIdentifier>{93995380-89BD-4b04-88EB-625FBE52EBFB}</UniqueIdentifier>
      <Extensions>h;hh;hpp;hxx;hm;inl;inc;xsd</Extensions>
    </Filter>
    <Filter Include="Resource Files">
      <UniqueIdentifier>{67DA6AB6-F800-4c08-8B7A-83BB121AAD01}</UniqueIdentifier>
      <Extensions>rc;ico;cur;bmp;dlg;rc2;rct;bin;rgs;gif;jpg;jpeg;jpe;resx;tiff;tif;png;wav</Extensions>
    </Filter>
  </ItemGroup>
  <ItemGroup>
    <ClCompile Include="kernel\bio.c">
      <Filter>Source Files</Filter>
    </ClCompile>
    <ClCompile Include="kernel\console.c">
      <Filter>Source Files</Filter>
    </ClCompile>
    <ClCompile Include="kernel\exec.c">
      <Filter>Source Files</Filter>
    </ClCompile>
    <ClCompile Include="kernel\file.c">
      <Filter>Source Files</Filter>
    </ClCompile>
    <ClCompile Include="kernel\fs.c">
      <Filter>Source Files</Filter>
    </ClCompile>
    <ClCompile Include="kernel\kalloc.c">
      <Filter>Source Files</Filter>
    </ClCompile>
    <ClCompile Include="kernel\log.c">
      <Filter>Source Files</Filter>
    </ClCompile>
    <ClCompile Include="kernel\main.c">
      <Filter>Source Files</Filter>
    </ClCompile>
    <ClCompile Include="kernel\pipe.c">
      <Filter>Source Files</Filter>
    </ClCompile>
    <ClCompile Include="kernel\plic.c">
      <Filter>Source Files</Filter>
    </ClCompile>
    <ClCompile Include="kernel\printf.c">
      <Filter>Source Files</Filter>
    </ClCompile>
    <ClCompile Include="kernel\proc.c">
      <Filter>Source Files</Filter>
    </ClCompile>
    <ClCompile Include="kernel\ramdisk.c">
      <Filter>Source Files</Filter>
    </ClCompile>
    <ClCompile Include="kernel\sleeplock.c">
      <Filter>Source Files</Filter>
    </ClCompile>
    <ClCompile Include="kernel\spinlock.c">
      <Filter>Source Files</Filter>
    </ClCompile>
    <ClCompile Include="kernel\start.c">
      <Filter>Source Files</Filter>
    </ClCompile>
    <ClCompile Include="kernel\string.c">
      <Filter>Source Files</Filter>
    </ClCompile>
    <ClCompile Include="kernel\syscall.c">
      <Filter>Source Files</Filter>
    </ClCompile>
    <ClCompile Include="kernel\sysfile.c">
      <Filter>Source Files</Filter>
    </ClCompile>
    <ClCompile Include="kernel\sysproc.c">
      <Filter>Source Files</Filter>
    </ClCompile>
    <ClCompile Include="kernel\trap.c">
      <Filter>Source Files</Filter>
    </ClCompile>
    <ClCompile Include="kernel\uart.c">
      <Filter>Source Files</Filter>
    </ClCompile>
    <ClCompile Include="kernel\virtio_disk.c">
      <Filter>Source Files</Filter>
    </ClCompile>
    <ClCompile Include="kernel\vm.c">
      <Filter>Source Files</Filter>
    </ClCompile>
    <ClCompile Include="mkfs\mkfs.c">
      <Filter>Source Files</Filter>
    </ClCompile>
    <ClCompile Include="user\cat.c">
      <Filter>Source Files</Filter>
    </ClCompile>
    <ClCompile Include="user\echo.c">
      <Filter>Source Files</Filter>
    </ClCompile>
    <ClCompile Include="user\forktest.c">
      <Filter>Source Files</Filter>
    </ClCompile>
    <ClCompile Include="user\grep.c">
      <Filter>Source Files</Filter>
    </ClCompile>
    <ClCompile Include="user\grind.c">
      <Filter>Source Files</Filter>
    </ClCompile>
    <ClCompile Include="user\init.c">
      <Filter>Source Files</Filter>
    </ClCompile>
    <ClCompile Include="user\kill.c">
      <Filter>Source Files</Filter>
    </ClCompile>
    <ClCompile Include="user\ln.c">
      <Filter>Source Files</Filter>
    </ClCompile>
    <ClCompile Include="user\ls.c">
      <Filter>Source Files</Filter>
    </ClCompile>
    <ClCompile Include="user\mkdir.c">
      <Filter>Source Files</Filter>
    </ClCompile>
    <ClCompile Include="user\printf.c">
      <Filter>Source Files</Filter>
    </ClCompile>
    <ClCompile Include="user\rm.c">
      <Filter>Source Files</Filter>
    </ClCompile>
    <ClCompile Include="user\sh.c">
      <Filter>Source Files</Filter>
    </ClCompile>
    <ClCompile Include="user\sleep.c">
      <Filter>Source Files</Filter>
    </ClCompile>
    <ClCompile Include="user\stressfs.c">
      <Filter>Source Files</Filter>
    </ClCompile>
    <ClCompile Include="user\ulib.c">
      <Filter>Source Files</Filter>
    </ClCompile>
    <ClCompile Include="user\umalloc.c">
      <Filter>Source Files</Filter>
    </ClCompile>
    <ClCompile Include="user\usertests.c">
      <Filter>Source Files</Filter>
    </ClCompile>
    <ClCompile Include="user\wc.c">
      <Filter>Source Files</Filter>
    </ClCompile>
    <ClCompile Include="user\zombie.c">
      <Filter>Source Files</Filter>
    </ClCompile>
  </ItemGroup>
  <ItemGroup>
    <ClInclude Include="kernel\buf.h">
      <Filter>Header Files</Filter>
    </ClInclude>
    <ClInclude Include="kernel\date.h">
      <Filter>Header Files</Filter>
    </ClInclude>
    <ClInclude Include="kernel\defs.h">
      <Filter>Header Files</Filter>
    </ClInclude>
    <ClInclude Include="kernel\elf.h">
      <Filter>Header Files</Filter>
    </ClInclude>
    <ClInclude Include="kernel\fcntl.h">
      <Filter>Header Files</Filter>
    </ClInclude>
    <ClInclude Include="kernel\file.h">
      <Filter>Header Files</Filter>
    </ClInclude>
    <ClInclude Include="kernel\fs.h">
      <Filter>Header Files</Filter>
    </ClInclude>
    <ClInclude Include="kernel\memlayout.h">
      <Filter>Header Files</Filter>
    </ClInclude>
    <ClInclude Include="kernel\param.h">
      <Filter>Header Files</Filter>
    </ClInclude>
    <ClInclude Include="kernel\proc.h">
      <Filter>Header Files</Filter>
    </ClInclude>
    <ClInclude Include="kernel\riscv.h">
      <Filter>Header Files</Filter>
    </ClInclude>
    <ClInclude Include="kernel\sleeplock.h">
      <Filter>Header Files</Filter>
    </ClInclude>
    <ClInclude Include="kernel\spinlock.h">
      <Filter>Header Files</Filter>
    </ClInclude>
    <ClInclude Include="kernel\stat.h">
      <Filter>Header Files</Filter>
    </ClInclude>
    <ClInclude Include="kernel\syscall.h">
      <Filter>Header Files</Filter>
    </ClInclude>
    <ClInclude Include="kernel\types.h">
      <Filter>Header Files</Filter>
    </ClInclude>
    <ClInclude Include="kernel\virtio.h">
      <Filter>Header Files</Filter>
    </ClInclude>
    <ClInclude Include="user\user.h">
      <Filter>Header Files</Filter>
    </ClInclude>
  </ItemGroup>
</Project>